// !$*UTF8*$!
{
	archiveVersion = 1;
	classes = {
	};
	objectVersion = 46;
	objects = {

/* Begin PBXBuildFile section */
		5CB19AA61FD7B2B2004674D5 /* PostViewController.swift in Sources */ = {isa = PBXBuildFile; fileRef = 5CB19AA51FD7B2B2004674D5 /* PostViewController.swift */; };
		5CCE487E1FC1ACDB0094D9A3 /* AppDelegate.swift in Sources */ = {isa = PBXBuildFile; fileRef = 5CCE487D1FC1ACDB0094D9A3 /* AppDelegate.swift */; };
		5CCE48831FC1ACDB0094D9A3 /* Main.storyboard in Resources */ = {isa = PBXBuildFile; fileRef = 5CCE48811FC1ACDB0094D9A3 /* Main.storyboard */; };
		5CCE48851FC1ACDB0094D9A3 /* Assets.xcassets in Resources */ = {isa = PBXBuildFile; fileRef = 5CCE48841FC1ACDB0094D9A3 /* Assets.xcassets */; };
		5CCE48881FC1ACDB0094D9A3 /* LaunchScreen.storyboard in Resources */ = {isa = PBXBuildFile; fileRef = 5CCE48861FC1ACDB0094D9A3 /* LaunchScreen.storyboard */; };
		5CCE48901FC1AD440094D9A3 /* PhotoCollectionViewController.swift in Sources */ = {isa = PBXBuildFile; fileRef = 5CCE488F1FC1AD440094D9A3 /* PhotoCollectionViewController.swift */; };
		5CCE48921FC1AE1C0094D9A3 /* PhotoCollectionViewCell.swift in Sources */ = {isa = PBXBuildFile; fileRef = 5CCE48911FC1AE1C0094D9A3 /* PhotoCollectionViewCell.swift */; };
		5CCE48941FC1AED10094D9A3 /* Model.swift in Sources */ = {isa = PBXBuildFile; fileRef = 5CCE48931FC1AED10094D9A3 /* Model.swift */; };
/* End PBXBuildFile section */

/* Begin PBXFileReference section */
		5CB19AA51FD7B2B2004674D5 /* PostViewController.swift */ = {isa = PBXFileReference; fileEncoding = 4; lastKnownFileType = sourcecode.swift; path = PostViewController.swift; sourceTree = "<group>"; };
		5CCE487A1FC1ACDB0094D9A3 /* CollectionView.app */ = {isa = PBXFileReference; explicitFileType = wrapper.application; includeInIndex = 0; path = CollectionView.app; sourceTree = BUILT_PRODUCTS_DIR; };
		5CCE487D1FC1ACDB0094D9A3 /* AppDelegate.swift */ = {isa = PBXFileReference; lastKnownFileType = sourcecode.swift; path = AppDelegate.swift; sourceTree = "<group>"; };
		5CCE48821FC1ACDB0094D9A3 /* Base */ = {isa = PBXFileReference; lastKnownFileType = file.storyboard; name = Base; path = Base.lproj/Main.storyboard; sourceTree = "<group>"; };
		5CCE48841FC1ACDB0094D9A3 /* Assets.xcassets */ = {isa = PBXFileReference; lastKnownFileType = folder.assetcatalog; path = Assets.xcassets; sourceTree = "<group>"; };
		5CCE48871FC1ACDB0094D9A3 /* Base */ = {isa = PBXFileReference; lastKnownFileType = file.storyboard; name = Base; path = Base.lproj/LaunchScreen.storyboard; sourceTree = "<group>"; };
		5CCE48891FC1ACDB0094D9A3 /* Info.plist */ = {isa = PBXFileReference; lastKnownFileType = text.plist.xml; path = Info.plist; sourceTree = "<group>"; };
		5CCE488F1FC1AD440094D9A3 /* PhotoCollectionViewController.swift */ = {isa = PBXFileReference; fileEncoding = 4; lastKnownFileType = sourcecode.swift; path = PhotoCollectionViewController.swift; sourceTree = "<group>"; };
		5CCE48911FC1AE1C0094D9A3 /* PhotoCollectionViewCell.swift */ = {isa = PBXFileReference; fileEncoding = 4; lastKnownFileType = sourcecode.swift; path = PhotoCollectionViewCell.swift; sourceTree = "<group>"; };
		5CCE48931FC1AED10094D9A3 /* Model.swift */ = {isa = PBXFileReference; fileEncoding = 4; lastKnownFileType = sourcecode.swift; path = Model.swift; sourceTree = "<group>"; };
/* End PBXFileReference section */

/* Begin PBXFrameworksBuildPhase section */
		5CCE48771FC1ACDB0094D9A3 /* Frameworks */ = {
			isa = PBXFrameworksBuildPhase;
			buildActionMask = 2147483647;
			files = (
			);
			runOnlyForDeploymentPostprocessing = 0;
		};
/* End PBXFrameworksBuildPhase section */

/* Begin PBXGroup section */
		5CCE48711FC1ACDB0094D9A3 = {
			isa = PBXGroup;
			children = (
				5CCE487C1FC1ACDB0094D9A3 /* CollectionView */,
				5CCE487B1FC1ACDB0094D9A3 /* Products */,
			);
			sourceTree = "<group>";
		};
		5CCE487B1FC1ACDB0094D9A3 /* Products */ = {
			isa = PBXGroup;
			children = (
				5CCE487A1FC1ACDB0094D9A3 /* CollectionView.app */,
			);
			name = Products;
			sourceTree = "<group>";
		};
		5CCE487C1FC1ACDB0094D9A3 /* CollectionView */ = {
			isa = PBXGroup;
			children = (
				5CCE487D1FC1ACDB0094D9A3 /* AppDelegate.swift */,
				5CCE488F1FC1AD440094D9A3 /* PhotoCollectionViewController.swift */,
				5CCE48911FC1AE1C0094D9A3 /* PhotoCollectionViewCell.swift */,
				5CCE48931FC1AED10094D9A3 /* Model.swift */,
				5CB19AA51FD7B2B2004674D5 /* PostViewController.swift */,
				5CCE48811FC1ACDB0094D9A3 /* Main.storyboard */,
				5CCE48841FC1ACDB0094D9A3 /* Assets.xcassets */,
				5CCE48861FC1ACDB0094D9A3 /* LaunchScreen.storyboard */,
				5CCE48891FC1ACDB0094D9A3 /* Info.plist */,
			);
			path = CollectionView;
			sourceTree = "<group>";
		};
/* End PBXGroup section */

/* Begin PBXNativeTarget section */
		5CCE48791FC1ACDB0094D9A3 /* CollectionView */ = {
			isa = PBXNativeTarget;
			buildConfigurationList = 5CCE488C1FC1ACDB0094D9A3 /* Build configuration list for PBXNativeTarget "CollectionView" */;
			buildPhases = (
				5CCE48761FC1ACDB0094D9A3 /* Sources */,
				5CCE48771FC1ACDB0094D9A3 /* Frameworks */,
				5CCE48781FC1ACDB0094D9A3 /* Resources */,
			);
			buildRules = (
			);
			dependencies = (
			);
			name = CollectionView;
			productName = CollectionView;
			productReference = 5CCE487A1FC1ACDB0094D9A3 /* CollectionView.app */;
			productType = "com.apple.product-type.application";
		};
/* End PBXNativeTarget section */

/* Begin PBXProject section */
		5CCE48721FC1ACDB0094D9A3 /* Project object */ = {
			isa = PBXProject;
			attributes = {
				LastSwiftUpdateCheck = 0830;
				LastUpgradeCheck = 0830;
				ORGANIZATIONNAME = "Rimil Dey";
				TargetAttributes = {
					5CCE48791FC1ACDB0094D9A3 = {
						CreatedOnToolsVersion = 8.3.3;
						ProvisioningStyle = Manual;
					};
				};
			};
			buildConfigurationList = 5CCE48751FC1ACDB0094D9A3 /* Build configuration list for PBXProject "CollectionView" */;
			compatibilityVersion = "Xcode 3.2";
			developmentRegion = English;
			hasScannedForEncodings = 0;
			knownRegions = (
				en,
				Base,
			);
			mainGroup = 5CCE48711FC1ACDB0094D9A3;
			productRefGroup = 5CCE487B1FC1ACDB0094D9A3 /* Products */;
			projectDirPath = "";
			projectRoot = "";
			targets = (
				5CCE48791FC1ACDB0094D9A3 /* CollectionView */,
			);
		};
/* End PBXProject section */

/* Begin PBXResourcesBuildPhase section */
		5CCE48781FC1ACDB0094D9A3 /* Resources */ = {
			isa = PBXResourcesBuildPhase;
			buildActionMask = 2147483647;
			files = (
				5CCE48881FC1ACDB0094D9A3 /* LaunchScreen.storyboard in Resources */,
				5CCE48851FC1ACDB0094D9A3 /* Assets.xcassets in Resources */,
				5CCE48831FC1ACDB0094D9A3 /* Main.storyboard in Resources */,
			);
			runOnlyForDeploymentPostprocessing = 0;
		};
/* End PBXResourcesBuildPhase section */

/* Begin PBXSourcesBuildPhase section */
		5CCE48761FC1ACDB0094D9A3 /* Sources */ = {
			isa = PBXSourcesBuildPhase;
			buildActionMask = 2147483647;
			files = (
				5CCE487E1FC1ACDB0094D9A3 /* AppDelegate.swift in Sources */,
				5CCE48901FC1AD440094D9A3 /* PhotoCollectionViewController.swift in Sources */,
				5CCE48921FC1AE1C0094D9A3 /* PhotoCollectionViewCell.swift in Sources */,
				5CCE48941FC1AED10094D9A3 /* Model.swift in Sources */,
				5CB19AA61FD7B2B2004674D5 /* PostViewController.swift in Sources */,
			);
			runOnlyForDeploymentPostprocessing = 0;
		};
/* End PBXSourcesBuildPhase section */

/* Begin PBXVariantGroup section */
		5CCE48811FC1ACDB0094D9A3 /* Main.storyboard */ = {
			isa = PBXVariantGroup;
			children = (
				5CCE48821FC1ACDB0094D9A3 /* Base */,
			);
			name = Main.storyboard;
			sourceTree = "<group>";
		};
		5CCE48861FC1ACDB0094D9A3 /* LaunchScreen.storyboard */ = {
			isa = PBXVariantGroup;
			children = (
				5CCE48871FC1ACDB0094D9A3 /* Base */,
			);
			name = LaunchScreen.storyboard;
			sourceTree = "<group>";
		};
/* End PBXVariantGroup section */

/* Begin XCBuildConfiguration section */
		5CCE488A1FC1ACDB0094D9A3 /* Debug */ = {
			isa = XCBuildConfiguration;
			buildSettings = {
				ALWAYS_SEARCH_USER_PATHS = NO;
				CLANG_ANALYZER_NONNULL = YES;
				CLANG_ANALYZER_NUMBER_OBJECT_CONVERSION = YES_AGGRESSIVE;
				CLANG_CXX_LANGUAGE_STANDARD = "gnu++0x";
				CLANG_CXX_LIBRARY = "libc++";
				CLANG_ENABLE_MODULES = YES;
				CLANG_ENABLE_OBJC_ARC = YES;
				CLANG_WARN_BOOL_CONVERSION = YES;
				CLANG_WARN_CONSTANT_CONVERSION = YES;
				CLANG_WARN_DIRECT_OBJC_ISA_USAGE = YES_ERROR;
				CLANG_WARN_DOCUMENTATION_COMMENTS = YES;
				CLANG_WARN_EMPTY_BODY = YES;
				CLANG_WARN_ENUM_CONVERSION = YES;
				CLANG_WARN_INFINITE_RECURSION = YES;
				CLANG_WARN_INT_CONVERSION = YES;
				CLANG_WARN_OBJC_ROOT_CLASS = YES_ERROR;
				CLANG_WARN_SUSPICIOUS_MOVE = YES;
				CLANG_WARN_UNREACHABLE_CODE = YES;
				CLANG_WARN__DUPLICATE_METHOD_MATCH = YES;
				"CODE_SIGN_IDENTITY[sdk=iphoneos*]" = "iPhone Developer";
				COPY_PHASE_STRIP = NO;
				DEBUG_INFORMATION_FORMAT = dwarf;
				ENABLE_STRICT_OBJC_MSGSEND = YES;
				ENABLE_TESTABILITY = YES;
				GCC_C_LANGUAGE_STANDARD = gnu99;
				GCC_DYNAMIC_NO_PIC = NO;
				GCC_NO_COMMON_BLOCKS = YES;
				GCC_OPTIMIZATION_LEVEL = 0;
				GCC_PREPROCESSOR_DEFINITIONS = (
					"DEBUG=1",
					"$(inherited)",
				);
				GCC_WARN_64_TO_32_BIT_CONVERSION = YES;
				GCC_WARN_ABOUT_RETURN_TYPE = YES_ERROR;
				GCC_WARN_UNDECLARED_SELECTOR = YES;
				GCC_WARN_UNINITIALIZED_AUTOS = YES_AGGRESSIVE;
				GCC_WARN_UNUSED_FUNCTION = YES;
				GCC_WARN_UNUSED_VARIABLE = YES;
				IPHONEOS_DEPLOYMENT_TARGET = 10.3;
				MTL_ENABLE_DEBUG_INFO = YES;
				ONLY_ACTIVE_ARCH = YES;
				SDKROOT = iphoneos;
				SWIFT_ACTIVE_COMPILATION_CONDITIONS = DEBUG;
				SWIFT_OPTIMIZATION_LEVEL = "-Onone";
				TARGETED_DEVICE_FAMILY = "1,2";
			};
			name = Debug;
		};
		5CCE488B1FC1ACDB0094D9A3 /* Release */ = {
			isa = XCBuildConfiguration;
			buildSettings = {
				ALWAYS_SEARCH_USER_PATHS = NO;
				CLANG_ANALYZER_NONNULL = YES;
				CLANG_ANALYZER_NUMBER_OBJECT_CONVERSION = YES_AGGRESSIVE;
				CLANG_CXX_LANGUAGE_STANDARD = "gnu++0x";
				CLANG_CXX_LIBRARY = "libc++";
				CLANG_ENABLE_MODULES = YES;
				CLANG_ENABLE_OBJC_ARC = YES;
				CLANG_WARN_BOOL_CONVERSION = YES;
				CLANG_WARN_CONSTANT_CONVERSION = YES;
				CLANG_WARN_DIRECT_OBJC_ISA_USAGE = YES_ERROR;
				CLANG_WARN_DOCUMENTATION_COMMENTS = YES;
				CLANG_WARN_EMPTY_BODY = YES;
				CLANG_WARN_ENUM_CONVERSION = YES;
				CLANG_WARN_INFINITE_RECURSION = YES;
				CLANG_WARN_INT_CONVERSION = YES;
				CLANG_WARN_OBJC_ROOT_CLASS = YES_ERROR;
				CLANG_WARN_SUSPICIOUS_MOVE = YES;
				CLANG_WARN_UNREACHABLE_CODE = YES;
				CLANG_WARN__DUPLICATE_METHOD_MATCH = YES;
				"CODE_SIGN_IDENTITY[sdk=iphoneos*]" = "iPhone Developer";
				COPY_PHASE_STRIP = NO;
				DEBUG_INFORMATION_FORMAT = "dwarf-with-dsym";
				ENABLE_NS_ASSERTIONS = NO;
				ENABLE_STRICT_OBJC_MSGSEND = YES;
				GCC_C_LANGUAGE_STANDARD = gnu99;
				GCC_NO_COMMON_BLOCKS = YES;
				GCC_WARN_64_TO_32_BIT_CONVERSION = YES;
				GCC_WARN_ABOUT_RETURN_TYPE = YES_ERROR;
				GCC_WARN_UNDECLARED_SELECTOR = YES;
				GCC_WARN_UNINITIALIZED_AUTOS = YES_AGGRESSIVE;
				GCC_WARN_UNUSED_FUNCTION = YES;
				GCC_WARN_UNUSED_VARIABLE = YES;
				IPHONEOS_DEPLOYMENT_TARGET = 10.3;
				MTL_ENABLE_DEBUG_INFO = NO;
				SDKROOT = iphoneos;
				SWIFT_OPTIMIZATION_LEVEL = "-Owholemodule";
				TARGETED_DEVICE_FAMILY = "1,2";
				VALIDATE_PRODUCT = YES;
			};
			name = Release;
		};
		5CCE488D1FC1ACDB0094D9A3 /* Debug */ = {
			isa = XCBuildConfiguration;
			buildSettings = {
				ASSETCATALOG_COMPILER_APPICON_NAME = AppIcon;
				DEVELOPMENT_TEAM = "";
				INFOPLIST_FILE = CollectionView/Info.plist;
				LD_RUNPATH_SEARCH_PATHS = "$(inherited) @executable_path/Frameworks";
				PRODUCT_BUNDLE_IDENTIFIER = rimildeyjsr.CollectionView;
				PRODUCT_NAME = "$(TARGET_NAME)";
				PROVISIONING_PROFILE_SPECIFIER = "";
				SWIFT_VERSION = 3.0;
			};
			name = Debug;
		};
		5CCE488E1FC1ACDB0094D9A3 /* Release */ = {
			isa = XCBuildConfiguration;
			buildSettings = {
				ASSETCATALOG_COMPILER_APPICON_NAME = AppIcon;
				DEVELOPMENT_TEAM = "";
				INFOPLIST_FILE = CollectionView/Info.plist;
				LD_RUNPATH_SEARCH_PATHS = "$(inherited) @executable_path/Frameworks";
				PRODUCT_BUNDLE_IDENTIFIER = rimildeyjsr.CollectionView;
				PRODUCT_NAME = "$(TARGET_NAME)";
				PROVISIONING_PROFILE_SPECIFIER = "";
				SWIFT_VERSION = 3.0;
			};
			name = Release;
		};
/* End XCBuildConfiguration section */

/* Begin XCConfigurationList section */
		5CCE48751FC1ACDB0094D9A3 /* Build configuration list for PBXProject "CollectionView" */ = {
			isa = XCConfigurationList;
			buildConfigurations = (
				5CCE488A1FC1ACDB0094D9A3 /* Debug */,
				5CCE488B1FC1ACDB0094D9A3 /* Release */,
			);
			defaultConfigurationIsVisible = 0;
			defaultConfigurationName = Release;
		};
		5CCE488C1FC1ACDB0094D9A3 /* Build configuration list for PBXNativeTarget "CollectionView" */ = {
			isa = XCConfigurationList;
			buildConfigurations = (
				5CCE488D1FC1ACDB0094D9A3 /* Debug */,
				5CCE488E1FC1ACDB0094D9A3 /* Release */,
			);
			defaultConfigurationIsVisible = 0;
			defaultConfigurationName = Release;
		};
/* End XCConfigurationList section */
	};
	rootObject = 5CCE48721FC1ACDB0094D9A3 /* Project object */;
}
